
Microsoft Visual Studio Solution File, Format Version 12.00
# Visual Studio Version 17
VisualStudioVersion = 17.7.34009.444
MinimumVisualStudioVersion = 10.0.40219.1
Project("{FAE04EC0-301F-11D3-BF4B-00C04F79EFBC}") = "RenderBody", "RenderBody.csproj", "{C9E47ADF-A43C-4F33-A57D-8D033290C8F8}"
EndProject
Global
	GlobalSection(SolutionConfigurationPlatforms) = preSolution
		Debug|Any CPU = Debug|Any CPU
		Release|Any CPU = Release|Any CPU
	EndGlobalSection
	GlobalSection(ProjectConfigurationPlatforms) = postSolution
		{C9E47ADF-A43C-4F33-A57D-8D033290C8F8}.Debug|Any CPU.ActiveCfg = Debug|Any CPU
		{C9E47ADF-A43C-4F33-A57D-8D033290C8F8}.Debug|Any CPU.Build.0 = Debug|Any CPU
		{C9E47ADF-A43C-4F33-A57D-8D033290C8F8}.Release|Any CPU.ActiveCfg = Release|Any CPU
		{C9E47ADF-A43C-4F33-A57D-8D033290C8F8}.Release|Any CPU.Build.0 = Release|Any CPU
	EndGlobalSection
	GlobalSection(SolutionProperties) = preSolution
		HideSolutionNode = FALSE
	EndGlobalSection
	GlobalSection(ExtensibilityGlobals) = postSolution
		SolutionGuid = {BE1C3299-BB03-4CA8-9BFA-1FAB9D9D2D4E}
	EndGlobalSection
EndGlobal
